
Microsoft Visual Studio Solution File, Format Version 12.00
# Visual Studio Version 17
VisualStudioVersion = 17.5.33627.172
MinimumVisualStudioVersion = 10.0.40219.1
Project("{FAE04EC0-301F-11D3-BF4B-00C04F79EFBC}") = "X06NavigationDemo.Android", "X06NavigationDemo\X06NavigationDemo.Android\X06NavigationDemo.Android.csproj", "{FE44F5FE-A46D-4C63-A77A-3EE14373BC07}"
EndProject
Project("{FAE04EC0-301F-11D3-BF4B-00C04F79EFBC}") = "X06NavigationDemo", "X06NavigationDemo\X06NavigationDemo\X06NavigationDemo.csproj", "{68992A9E-3B61-469E-8477-26358B44814C}"
EndProject
Global
	GlobalSection(SolutionConfigurationPlatforms) = preSolution
		Debug|Any CPU = Debug|Any CPU
		Release|Any CPU = Release|Any CPU
	EndGlobalSection
	GlobalSection(ProjectConfigurationPlatforms) = postSolution
		{FE44F5FE-A46D-4C63-A77A-3EE14373BC07}.Debug|Any CPU.ActiveCfg = Debug|Any CPU
		{FE44F5FE-A46D-4C63-A77A-3EE14373BC07}.Debug|Any CPU.Build.0 = Debug|Any CPU
		{FE44F5FE-A46D-4C63-A77A-3EE14373BC07}.Debug|Any CPU.Deploy.0 = Debug|Any CPU
		{FE44F5FE-A46D-4C63-A77A-3EE14373BC07}.Release|Any CPU.ActiveCfg = Release|Any CPU
		{FE44F5FE-A46D-4C63-A77A-3EE14373BC07}.Release|Any CPU.Build.0 = Release|Any CPU
		{FE44F5FE-A46D-4C63-A77A-3EE14373BC07}.Release|Any CPU.Deploy.0 = Release|Any CPU
		{68992A9E-3B61-469E-8477-26358B44814C}.Debug|Any CPU.ActiveCfg = Debug|Any CPU
		{68992A9E-3B61-469E-8477-26358B44814C}.Debug|Any CPU.Build.0 = Debug|Any CPU
		{68992A9E-3B61-469E-8477-26358B44814C}.Debug|Any CPU.Deploy.0 = Debug|Any CPU
		{68992A9E-3B61-469E-8477-26358B44814C}.Release|Any CPU.ActiveCfg = Release|Any CPU
		{68992A9E-3B61-469E-8477-26358B44814C}.Release|Any CPU.Build.0 = Release|Any CPU
		{68992A9E-3B61-469E-8477-26358B44814C}.Release|Any CPU.Deploy.0 = Release|Any CPU
	EndGlobalSection
	GlobalSection(SolutionProperties) = preSolution
		HideSolutionNode = FALSE
	EndGlobalSection
	GlobalSection(ExtensibilityGlobals) = postSolution
		SolutionGuid = {416CFEB2-E4A9-43D5-BB2C-87A85585C312}
	EndGlobalSection
EndGlobal
