
Microsoft Visual Studio Solution File, Format Version 12.00
# Visual Studio Version 17
VisualStudioVersion = 17.5.33627.172
MinimumVisualStudioVersion = 10.0.40219.1
Project("{FAE04EC0-301F-11D3-BF4B-00C04F79EFBC}") = "X03-SimpleCalculator.Android", "X03-SimpleCalculator\X03-SimpleCalculator.Android\X03-SimpleCalculator.Android.csproj", "{A316BA70-CE8D-45C2-9437-178A73112536}"
EndProject
Project("{FAE04EC0-301F-11D3-BF4B-00C04F79EFBC}") = "X03-SimpleCalculator", "X03-SimpleCalculator\X03-SimpleCalculator\X03-SimpleCalculator.csproj", "{269A7646-C554-4893-B384-4B52580F3518}"
EndProject
Global
	GlobalSection(SolutionConfigurationPlatforms) = preSolution
		Debug|Any CPU = Debug|Any CPU
		Release|Any CPU = Release|Any CPU
	EndGlobalSection
	GlobalSection(ProjectConfigurationPlatforms) = postSolution
		{A316BA70-CE8D-45C2-9437-178A73112536}.Debug|Any CPU.ActiveCfg = Debug|Any CPU
		{A316BA70-CE8D-45C2-9437-178A73112536}.Debug|Any CPU.Build.0 = Debug|Any CPU
		{A316BA70-CE8D-45C2-9437-178A73112536}.Debug|Any CPU.Deploy.0 = Debug|Any CPU
		{A316BA70-CE8D-45C2-9437-178A73112536}.Release|Any CPU.ActiveCfg = Release|Any CPU
		{A316BA70-CE8D-45C2-9437-178A73112536}.Release|Any CPU.Build.0 = Release|Any CPU
		{A316BA70-CE8D-45C2-9437-178A73112536}.Release|Any CPU.Deploy.0 = Release|Any CPU
		{269A7646-C554-4893-B384-4B52580F3518}.Debug|Any CPU.ActiveCfg = Debug|Any CPU
		{269A7646-C554-4893-B384-4B52580F3518}.Debug|Any CPU.Build.0 = Debug|Any CPU
		{269A7646-C554-4893-B384-4B52580F3518}.Debug|Any CPU.Deploy.0 = Debug|Any CPU
		{269A7646-C554-4893-B384-4B52580F3518}.Release|Any CPU.ActiveCfg = Release|Any CPU
		{269A7646-C554-4893-B384-4B52580F3518}.Release|Any CPU.Build.0 = Release|Any CPU
		{269A7646-C554-4893-B384-4B52580F3518}.Release|Any CPU.Deploy.0 = Release|Any CPU
	EndGlobalSection
	GlobalSection(SolutionProperties) = preSolution
		HideSolutionNode = FALSE
	EndGlobalSection
	GlobalSection(ExtensibilityGlobals) = postSolution
		SolutionGuid = {B2BEC1C3-F5C5-4A4D-95F3-435EB442C764}
	EndGlobalSection
EndGlobal
