
Microsoft Visual Studio Solution File, Format Version 12.00
# Visual Studio Version 17
VisualStudioVersion = 17.5.33627.172
MinimumVisualStudioVersion = 10.0.40219.1
Project("{FAE04EC0-301F-11D3-BF4B-00C04F79EFBC}") = "X08ListAndTableEX.Android", "X08ListAndTableEX\X08ListAndTableEX.Android\X08ListAndTableEX.Android.csproj", "{07EFCEEC-A0AD-4412-89A7-1B04D1431904}"
EndProject
Project("{FAE04EC0-301F-11D3-BF4B-00C04F79EFBC}") = "X08ListAndTableEX", "X08ListAndTableEX\X08ListAndTableEX\X08ListAndTableEX.csproj", "{E703F866-3E06-4CA8-9EA4-9DC01DBB7D63}"
EndProject
Global
	GlobalSection(SolutionConfigurationPlatforms) = preSolution
		Debug|Any CPU = Debug|Any CPU
		Release|Any CPU = Release|Any CPU
	EndGlobalSection
	GlobalSection(ProjectConfigurationPlatforms) = postSolution
		{07EFCEEC-A0AD-4412-89A7-1B04D1431904}.Debug|Any CPU.ActiveCfg = Debug|Any CPU
		{07EFCEEC-A0AD-4412-89A7-1B04D1431904}.Debug|Any CPU.Build.0 = Debug|Any CPU
		{07EFCEEC-A0AD-4412-89A7-1B04D1431904}.Debug|Any CPU.Deploy.0 = Debug|Any CPU
		{07EFCEEC-A0AD-4412-89A7-1B04D1431904}.Release|Any CPU.ActiveCfg = Release|Any CPU
		{07EFCEEC-A0AD-4412-89A7-1B04D1431904}.Release|Any CPU.Build.0 = Release|Any CPU
		{07EFCEEC-A0AD-4412-89A7-1B04D1431904}.Release|Any CPU.Deploy.0 = Release|Any CPU
		{E703F866-3E06-4CA8-9EA4-9DC01DBB7D63}.Debug|Any CPU.ActiveCfg = Debug|Any CPU
		{E703F866-3E06-4CA8-9EA4-9DC01DBB7D63}.Debug|Any CPU.Build.0 = Debug|Any CPU
		{E703F866-3E06-4CA8-9EA4-9DC01DBB7D63}.Debug|Any CPU.Deploy.0 = Debug|Any CPU
		{E703F866-3E06-4CA8-9EA4-9DC01DBB7D63}.Release|Any CPU.ActiveCfg = Release|Any CPU
		{E703F866-3E06-4CA8-9EA4-9DC01DBB7D63}.Release|Any CPU.Build.0 = Release|Any CPU
		{E703F866-3E06-4CA8-9EA4-9DC01DBB7D63}.Release|Any CPU.Deploy.0 = Release|Any CPU
	EndGlobalSection
	GlobalSection(SolutionProperties) = preSolution
		HideSolutionNode = FALSE
	EndGlobalSection
	GlobalSection(ExtensibilityGlobals) = postSolution
		SolutionGuid = {35A6D0BE-6839-45E1-885B-069F159AD553}
	EndGlobalSection
EndGlobal
